// !$*UTF8*$!
{
	archiveVersion = 1;
	classes = {
	};
	objectVersion = 50;
	objects = {

/* Begin PBXBuildFile section */
		1B6A0C9825EF91990054C63B /* LandMarksApp.swift in Sources */ = {isa = PBXBuildFile; fileRef = 1B6A0C9725EF91990054C63B /* LandMarksApp.swift */; };
		1B6A0C9A25EF91990054C63B /* ContentView.swift in Sources */ = {isa = PBXBuildFile; fileRef = 1B6A0C9925EF91990054C63B /* ContentView.swift */; };
		1B6A0C9C25EF919C0054C63B /* Assets.xcassets in Resources */ = {isa = PBXBuildFile; fileRef = 1B6A0C9B25EF919C0054C63B /* Assets.xcassets */; };
		1B6A0C9F25EF919C0054C63B /* Preview Assets.xcassets in Resources */ = {isa = PBXBuildFile; fileRef = 1B6A0C9E25EF919C0054C63B /* Preview Assets.xcassets */; };
		1B6A0CAA25EF919D0054C63B /* LandMarksTests.swift in Sources */ = {isa = PBXBuildFile; fileRef = 1B6A0CA925EF919D0054C63B /* LandMarksTests.swift */; };
		1B6A0CB525EF919D0054C63B /* LandMarksUITests.swift in Sources */ = {isa = PBXBuildFile; fileRef = 1B6A0CB425EF919D0054C63B /* LandMarksUITests.swift */; };
/* End PBXBuildFile section */

/* Begin PBXContainerItemProxy section */
		1B6A0CA625EF919C0054C63B /* PBXContainerItemProxy */ = {
			isa = PBXContainerItemProxy;
			containerPortal = 1B6A0C8C25EF91990054C63B /* Project object */;
			proxyType = 1;
			remoteGlobalIDString = 1B6A0C9325EF91990054C63B;
			remoteInfo = LandMarks;
		};
		1B6A0CB125EF919D0054C63B /* PBXContainerItemProxy */ = {
			isa = PBXContainerItemProxy;
			containerPortal = 1B6A0C8C25EF91990054C63B /* Project object */;
			proxyType = 1;
			remoteGlobalIDString = 1B6A0C9325EF91990054C63B;
			remoteInfo = LandMarks;
		};
/* End PBXContainerItemProxy section */

/* Begin PBXFileReference section */
		1B6A0C9425EF91990054C63B /* LandMarks.app */ = {isa = PBXFileReference; explicitFileType = wrapper.application; includeInIndex = 0; path = LandMarks.app; sourceTree = BUILT_PRODUCTS_DIR; };
		1B6A0C9725EF91990054C63B /* LandMarksApp.swift */ = {isa = PBXFileReference; lastKnownFileType = sourcecode.swift; path = LandMarksApp.swift; sourceTree = "<group>"; };
		1B6A0C9925EF91990054C63B /* ContentView.swift */ = {isa = PBXFileReference; lastKnownFileType = sourcecode.swift; path = ContentView.swift; sourceTree = "<group>"; };
		1B6A0C9B25EF919C0054C63B /* Assets.xcassets */ = {isa = PBXFileReference; lastKnownFileType = folder.assetcatalog; path = Assets.xcassets; sourceTree = "<group>"; };
		1B6A0C9E25EF919C0054C63B /* Preview Assets.xcassets */ = {isa = PBXFileReference; lastKnownFileType = folder.assetcatalog; path = "Preview Assets.xcassets"; sourceTree = "<group>"; };
		1B6A0CA025EF919C0054C63B /* Info.plist */ = {isa = PBXFileReference; lastKnownFileType = text.plist.xml; path = Info.plist; sourceTree = "<group>"; };
		1B6A0CA525EF919C0054C63B /* LandMarksTests.xctest */ = {isa = PBXFileReference; explicitFileType = wrapper.cfbundle; includeInIndex = 0; path = LandMarksTests.xctest; sourceTree = BUILT_PRODUCTS_DIR; };
		1B6A0CA925EF919D0054C63B /* LandMarksTests.swift */ = {isa = PBXFileReference; lastKnownFileType = sourcecode.swift; path = LandMarksTests.swift; sourceTree = "<group>"; };
		1B6A0CAB25EF919D0054C63B /* Info.plist */ = {isa = PBXFileReference; lastKnownFileType = text.plist.xml; path = Info.plist; sourceTree = "<group>"; };
		1B6A0CB025EF919D0054C63B /* LandMarksUITests.xctest */ = {isa = PBXFileReference; explicitFileType = wrapper.cfbundle; includeInIndex = 0; path = LandMarksUITests.xctest; sourceTree = BUILT_PRODUCTS_DIR; };
		1B6A0CB425EF919D0054C63B /* LandMarksUITests.swift */ = {isa = PBXFileReference; lastKnownFileType = sourcecode.swift; path = LandMarksUITests.swift; sourceTree = "<group>"; };
		1B6A0CB625EF919D0054C63B /* Info.plist */ = {isa = PBXFileReference; lastKnownFileType = text.plist.xml; path = Info.plist; sourceTree = "<group>"; };
/* End PBXFileReference section */

/* Begin PBXFrameworksBuildPhase section */
		1B6A0C9125EF91990054C63B /* Frameworks */ = {
			isa = PBXFrameworksBuildPhase;
			buildActionMask = 2147483647;
			files = (
			);
			runOnlyForDeploymentPostprocessing = 0;
		};
		1B6A0CA225EF919C0054C63B /* Frameworks */ = {
			isa = PBXFrameworksBuildPhase;
			buildActionMask = 2147483647;
			files = (
			);
			runOnlyForDeploymentPostprocessing = 0;
		};
		1B6A0CAD25EF919D0054C63B /* Frameworks */ = {
			isa = PBXFrameworksBuildPhase;
			buildActionMask = 2147483647;
			files = (
			);
			runOnlyForDeploymentPostprocessing = 0;
		};
/* End PBXFrameworksBuildPhase section */

/* Begin PBXGroup section */
		1B6A0C8B25EF91990054C63B = {
			isa = PBXGroup;
			children = (
				1B6A0C9625EF91990054C63B /* LandMarks */,
				1B6A0CA825EF919D0054C63B /* LandMarksTests */,
				1B6A0CB325EF919D0054C63B /* LandMarksUITests */,
				1B6A0C9525EF91990054C63B /* Products */,
			);
			sourceTree = "<group>";
		};
		1B6A0C9525EF91990054C63B /* Products */ = {
			isa = PBXGroup;
			children = (
				1B6A0C9425EF91990054C63B /* LandMarks.app */,
				1B6A0CA525EF919C0054C63B /* LandMarksTests.xctest */,
				1B6A0CB025EF919D0054C63B /* LandMarksUITests.xctest */,
			);
			name = Products;
			sourceTree = "<group>";
		};
		1B6A0C9625EF91990054C63B /* LandMarks */ = {
			isa = PBXGroup;
			children = (
				1B6A0C9725EF91990054C63B /* LandMarksApp.swift */,
				1B6A0C9925EF91990054C63B /* ContentView.swift */,
				1B6A0C9B25EF919C0054C63B /* Assets.xcassets */,
				1B6A0CA025EF919C0054C63B /* Info.plist */,
				1B6A0C9D25EF919C0054C63B /* Preview Content */,
			);
			path = LandMarks;
			sourceTree = "<group>";
		};
		1B6A0C9D25EF919C0054C63B /* Preview Content */ = {
			isa = PBXGroup;
			children = (
				1B6A0C9E25EF919C0054C63B /* Preview Assets.xcassets */,
			);
			path = "Preview Content";
			sourceTree = "<group>";
		};
		1B6A0CA825EF919D0054C63B /* LandMarksTests */ = {
			isa = PBXGroup;
			children = (
				1B6A0CA925EF919D0054C63B /* LandMarksTests.swift */,
				1B6A0CAB25EF919D0054C63B /* Info.plist */,
			);
			path = LandMarksTests;
			sourceTree = "<group>";
		};
		1B6A0CB325EF919D0054C63B /* LandMarksUITests */ = {
			isa = PBXGroup;
			children = (
				1B6A0CB425EF919D0054C63B /* LandMarksUITests.swift */,
				1B6A0CB625EF919D0054C63B /* Info.plist */,
			);
			path = LandMarksUITests;
			sourceTree = "<group>";
		};
/* End PBXGroup section */

/* Begin PBXNativeTarget section */
		1B6A0C9325EF91990054C63B /* LandMarks */ = {
			isa = PBXNativeTarget;
			buildConfigurationList = 1B6A0CB925EF919D0054C63B /* Build configuration list for PBXNativeTarget "LandMarks" */;
			buildPhases = (
				1B6A0C9025EF91990054C63B /* Sources */,
				1B6A0C9125EF91990054C63B /* Frameworks */,
				1B6A0C9225EF91990054C63B /* Resources */,
			);
			buildRules = (
			);
			dependencies = (
			);
			name = LandMarks;
			productName = LandMarks;
			productReference = 1B6A0C9425EF91990054C63B /* LandMarks.app */;
			productType = "com.apple.product-type.application";
		};
		1B6A0CA425EF919C0054C63B /* LandMarksTests */ = {
			isa = PBXNativeTarget;
			buildConfigurationList = 1B6A0CBC25EF919D0054C63B /* Build configuration list for PBXNativeTarget "LandMarksTests" */;
			buildPhases = (
				1B6A0CA125EF919C0054C63B /* Sources */,
				1B6A0CA225EF919C0054C63B /* Frameworks */,
				1B6A0CA325EF919C0054C63B /* Resources */,
			);
			buildRules = (
			);
			dependencies = (
				1B6A0CA725EF919C0054C63B /* PBXTargetDependency */,
			);
			name = LandMarksTests;
			productName = LandMarksTests;
			productReference = 1B6A0CA525EF919C0054C63B /* LandMarksTests.xctest */;
			productType = "com.apple.product-type.bundle.unit-test";
		};
		1B6A0CAF25EF919D0054C63B /* LandMarksUITests */ = {
			isa = PBXNativeTarget;
			buildConfigurationList = 1B6A0CBF25EF919D0054C63B /* Build configuration list for PBXNativeTarget "LandMarksUITests" */;
			buildPhases = (
				1B6A0CAC25EF919D0054C63B /* Sources */,
				1B6A0CAD25EF919D0054C63B /* Frameworks */,
				1B6A0CAE25EF919D0054C63B /* Resources */,
			);
			buildRules = (
			);
			dependencies = (
				1B6A0CB225EF919D0054C63B /* PBXTargetDependency */,
			);
			name = LandMarksUITests;
			productName = LandMarksUITests;
			productReference = 1B6A0CB025EF919D0054C63B /* LandMarksUITests.xctest */;
			productType = "com.apple.product-type.bundle.ui-testing";
		};
/* End PBXNativeTarget section */

/* Begin PBXProject section */
		1B6A0C8C25EF91990054C63B /* Project object */ = {
			isa = PBXProject;
			attributes = {
				LastSwiftUpdateCheck = 1240;
				LastUpgradeCheck = 1240;
				TargetAttributes = {
					1B6A0C9325EF91990054C63B = {
						CreatedOnToolsVersion = 12.4;
					};
					1B6A0CA425EF919C0054C63B = {
						CreatedOnToolsVersion = 12.4;
						TestTargetID = 1B6A0C9325EF91990054C63B;
					};
					1B6A0CAF25EF919D0054C63B = {
						CreatedOnToolsVersion = 12.4;
						TestTargetID = 1B6A0C9325EF91990054C63B;
					};
				};
			};
			buildConfigurationList = 1B6A0C8F25EF91990054C63B /* Build configuration list for PBXProject "LandMarks" */;
			compatibilityVersion = "Xcode 9.3";
			developmentRegion = en;
			hasScannedForEncodings = 0;
			knownRegions = (
				en,
				Base,
			);
			mainGroup = 1B6A0C8B25EF91990054C63B;
			productRefGroup = 1B6A0C9525EF91990054C63B /* Products */;
			projectDirPath = "";
			projectRoot = "";
			targets = (
				1B6A0C9325EF91990054C63B /* LandMarks */,
				1B6A0CA425EF919C0054C63B /* LandMarksTests */,
				1B6A0CAF25EF919D0054C63B /* LandMarksUITests */,
			);
		};
/* End PBXProject section */

/* Begin PBXResourcesBuildPhase section */
		1B6A0C9225EF91990054C63B /* Resources */ = {
			isa = PBXResourcesBuildPhase;
			buildActionMask = 2147483647;
			files = (
				1B6A0C9F25EF919C0054C63B /* Preview Assets.xcassets in Resources */,
				1B6A0C9C25EF919C0054C63B /* Assets.xcassets in Resources */,
			);
			runOnlyForDeploymentPostprocessing = 0;
		};
		1B6A0CA325EF919C0054C63B /* Resources */ = {
			isa = PBXResourcesBuildPhase;
			buildActionMask = 2147483647;
			files = (
			);
			runOnlyForDeploymentPostprocessing = 0;
		};
		1B6A0CAE25EF919D0054C63B /* Resources */ = {
			isa = PBXResourcesBuildPhase;
			buildActionMask = 2147483647;
			files = (
			);
			runOnlyForDeploymentPostprocessing = 0;
		};
/* End PBXResourcesBuildPhase section */

/* Begin PBXSourcesBuildPhase section */
		1B6A0C9025EF91990054C63B /* Sources */ = {
			isa = PBXSourcesBuildPhase;
			buildActionMask = 2147483647;
			files = (
				1B6A0C9A25EF91990054C63B /* ContentView.swift in Sources */,
				1B6A0C9825EF91990054C63B /* LandMarksApp.swift in Sources */,
			);
			runOnlyForDeploymentPostprocessing = 0;
		};
		1B6A0CA125EF919C0054C63B /* Sources */ = {
			isa = PBXSourcesBuildPhase;
			buildActionMask = 2147483647;
			files = (
				1B6A0CAA25EF919D0054C63B /* LandMarksTests.swift in Sources */,
			);
			runOnlyForDeploymentPostprocessing = 0;
		};
		1B6A0CAC25EF919D0054C63B /* Sources */ = {
			isa = PBXSourcesBuildPhase;
			buildActionMask = 2147483647;
			files = (
				1B6A0CB525EF919D0054C63B /* LandMarksUITests.swift in Sources */,
			);
			runOnlyForDeploymentPostprocessing = 0;
		};
/* End PBXSourcesBuildPhase section */

/* Begin PBXTargetDependency section */
		1B6A0CA725EF919C0054C63B /* PBXTargetDependency */ = {
			isa = PBXTargetDependency;
			target = 1B6A0C9325EF91990054C63B /* LandMarks */;
			targetProxy = 1B6A0CA625EF919C0054C63B /* PBXContainerItemProxy */;
		};
		1B6A0CB225EF919D0054C63B /* PBXTargetDependency */ = {
			isa = PBXTargetDependency;
			target = 1B6A0C9325EF91990054C63B /* LandMarks */;
			targetProxy = 1B6A0CB125EF919D0054C63B /* PBXContainerItemProxy */;
		};
/* End PBXTargetDependency section */

/* Begin XCBuildConfiguration section */
		1B6A0CB725EF919D0054C63B /* Debug */ = {
			isa = XCBuildConfiguration;
			buildSettings = {
				ALWAYS_SEARCH_USER_PATHS = NO;
				CLANG_ANALYZER_NONNULL = YES;
				CLANG_ANALYZER_NUMBER_OBJECT_CONVERSION = YES_AGGRESSIVE;
				CLANG_CXX_LANGUAGE_STANDARD = "gnu++14";
				CLANG_CXX_LIBRARY = "libc++";
				CLANG_ENABLE_MODULES = YES;
				CLANG_ENABLE_OBJC_ARC = YES;
				CLANG_ENABLE_OBJC_WEAK = YES;
				CLANG_WARN_BLOCK_CAPTURE_AUTORELEASING = YES;
				CLANG_WARN_BOOL_CONVERSION = YES;
				CLANG_WARN_COMMA = YES;
				CLANG_WARN_CONSTANT_CONVERSION = YES;
				CLANG_WARN_DEPRECATED_OBJC_IMPLEMENTATIONS = YES;
				CLANG_WARN_DIRECT_OBJC_ISA_USAGE = YES_ERROR;
				CLANG_WARN_DOCUMENTATION_COMMENTS = YES;
				CLANG_WARN_EMPTY_BODY = YES;
				CLANG_WARN_ENUM_CONVERSION = YES;
				CLANG_WARN_INFINITE_RECURSION = YES;
				CLANG_WARN_INT_CONVERSION = YES;
				CLANG_WARN_NON_LITERAL_NULL_CONVERSION = YES;
				CLANG_WARN_OBJC_IMPLICIT_RETAIN_SELF = YES;
				CLANG_WARN_OBJC_LITERAL_CONVERSION = YES;
				CLANG_WARN_OBJC_ROOT_CLASS = YES_ERROR;
				CLANG_WARN_QUOTED_INCLUDE_IN_FRAMEWORK_HEADER = YES;
				CLANG_WARN_RANGE_LOOP_ANALYSIS = YES;
				CLANG_WARN_STRICT_PROTOTYPES = YES;
				CLANG_WARN_SUSPICIOUS_MOVE = YES;
				CLANG_WARN_UNGUARDED_AVAILABILITY = YES_AGGRESSIVE;
				CLANG_WARN_UNREACHABLE_CODE = YES;
				CLANG_WARN__DUPLICATE_METHOD_MATCH = YES;
				COPY_PHASE_STRIP = NO;
				DEBUG_INFORMATION_FORMAT = dwarf;
				ENABLE_STRICT_OBJC_MSGSEND = YES;
				ENABLE_TESTABILITY = YES;
				GCC_C_LANGUAGE_STANDARD = gnu11;
				GCC_DYNAMIC_NO_PIC = NO;
				GCC_NO_COMMON_BLOCKS = YES;
				GCC_OPTIMIZATION_LEVEL = 0;
				GCC_PREPROCESSOR_DEFINITIONS = (
					"DEBUG=1",
					"$(inherited)",
				);
				GCC_WARN_64_TO_32_BIT_CONVERSION = YES;
				GCC_WARN_ABOUT_RETURN_TYPE = YES_ERROR;
				GCC_WARN_UNDECLARED_SELECTOR = YES;
				GCC_WARN_UNINITIALIZED_AUTOS = YES_AGGRESSIVE;
				GCC_WARN_UNUSED_FUNCTION = YES;
				GCC_WARN_UNUSED_VARIABLE = YES;
				IPHONEOS_DEPLOYMENT_TARGET = 14.4;
				MTL_ENABLE_DEBUG_INFO = INCLUDE_SOURCE;
				MTL_FAST_MATH = YES;
				ONLY_ACTIVE_ARCH = YES;
				SDKROOT = iphoneos;
				SWIFT_ACTIVE_COMPILATION_CONDITIONS = DEBUG;
				SWIFT_OPTIMIZATION_LEVEL = "-Onone";
			};
			name = Debug;
		};
		1B6A0CB825EF919D0054C63B /* Release */ = {
			isa = XCBuildConfiguration;
			buildSettings = {
				ALWAYS_SEARCH_USER_PATHS = NO;
				CLANG_ANALYZER_NONNULL = YES;
				CLANG_ANALYZER_NUMBER_OBJECT_CONVERSION = YES_AGGRESSIVE;
				CLANG_CXX_LANGUAGE_STANDARD = "gnu++14";
				CLANG_CXX_LIBRARY = "libc++";
				CLANG_ENABLE_MODULES = YES;
				CLANG_ENABLE_OBJC_ARC = YES;
				CLANG_ENABLE_OBJC_WEAK = YES;
				CLANG_WARN_BLOCK_CAPTURE_AUTORELEASING = YES;
				CLANG_WARN_BOOL_CONVERSION = YES;
				CLANG_WARN_COMMA = YES;
				CLANG_WARN_CONSTANT_CONVERSION = YES;
				CLANG_WARN_DEPRECATED_OBJC_IMPLEMENTATIONS = YES;
				CLANG_WARN_DIRECT_OBJC_ISA_USAGE = YES_ERROR;
				CLANG_WARN_DOCUMENTATION_COMMENTS = YES;
				CLANG_WARN_EMPTY_BODY = YES;
				CLANG_WARN_ENUM_CONVERSION = YES;
				CLANG_WARN_INFINITE_RECURSION = YES;
				CLANG_WARN_INT_CONVERSION = YES;
				CLANG_WARN_NON_LITERAL_NULL_CONVERSION = YES;
				CLANG_WARN_OBJC_IMPLICIT_RETAIN_SELF = YES;
				CLANG_WARN_OBJC_LITERAL_CONVERSION = YES;
				CLANG_WARN_OBJC_ROOT_CLASS = YES_ERROR;
				CLANG_WARN_QUOTED_INCLUDE_IN_FRAMEWORK_HEADER = YES;
				CLANG_WARN_RANGE_LOOP_ANALYSIS = YES;
				CLANG_WARN_STRICT_PROTOTYPES = YES;
				CLANG_WARN_SUSPICIOUS_MOVE = YES;
				CLANG_WARN_UNGUARDED_AVAILABILITY = YES_AGGRESSIVE;
				CLANG_WARN_UNREACHABLE_CODE = YES;
				CLANG_WARN__DUPLICATE_METHOD_MATCH = YES;
				COPY_PHASE_STRIP = NO;
				DEBUG_INFORMATION_FORMAT = "dwarf-with-dsym";
				ENABLE_NS_ASSERTIONS = NO;
				ENABLE_STRICT_OBJC_MSGSEND = YES;
				GCC_C_LANGUAGE_STANDARD = gnu11;
				GCC_NO_COMMON_BLOCKS = YES;
				GCC_WARN_64_TO_32_BIT_CONVERSION = YES;
				GCC_WARN_ABOUT_RETURN_TYPE = YES_ERROR;
				GCC_WARN_UNDECLARED_SELECTOR = YES;
				GCC_WARN_UNINITIALIZED_AUTOS = YES_AGGRESSIVE;
				GCC_WARN_UNUSED_FUNCTION = YES;
				GCC_WARN_UNUSED_VARIABLE = YES;
				IPHONEOS_DEPLOYMENT_TARGET = 14.4;
				MTL_ENABLE_DEBUG_INFO = NO;
				MTL_FAST_MATH = YES;
				SDKROOT = iphoneos;
				SWIFT_COMPILATION_MODE = wholemodule;
				SWIFT_OPTIMIZATION_LEVEL = "-O";
				VALIDATE_PRODUCT = YES;
			};
			name = Release;
		};
		1B6A0CBA25EF919D0054C63B /* Debug */ = {
			isa = XCBuildConfiguration;
			buildSettings = {
				ASSETCATALOG_COMPILER_APPICON_NAME = AppIcon;
				ASSETCATALOG_COMPILER_GLOBAL_ACCENT_COLOR_NAME = AccentColor;
				CODE_SIGN_STYLE = Automatic;
				DEVELOPMENT_ASSET_PATHS = "\"LandMarks/Preview Content\"";
				ENABLE_PREVIEWS = YES;
				INFOPLIST_FILE = LandMarks/Info.plist;
				IPHONEOS_DEPLOYMENT_TARGET = 14.0;
				LD_RUNPATH_SEARCH_PATHS = (
					"$(inherited)",
					"@executable_path/Frameworks",
				);
				PRODUCT_BUNDLE_IDENTIFIER = com.example.apple.samplecode.LandMarks;
				PRODUCT_NAME = "$(TARGET_NAME)";
				SWIFT_VERSION = 5.0;
				TARGETED_DEVICE_FAMILY = "1,2";
			};
			name = Debug;
		};
		1B6A0CBB25EF919D0054C63B /* Release */ = {
			isa = XCBuildConfiguration;
			buildSettings = {
				ASSETCATALOG_COMPILER_APPICON_NAME = AppIcon;
				ASSETCATALOG_COMPILER_GLOBAL_ACCENT_COLOR_NAME = AccentColor;
				CODE_SIGN_STYLE = Automatic;
				DEVELOPMENT_ASSET_PATHS = "\"LandMarks/Preview Content\"";
				ENABLE_PREVIEWS = YES;
				INFOPLIST_FILE = LandMarks/Info.plist;
				IPHONEOS_DEPLOYMENT_TARGET = 14.0;
				LD_RUNPATH_SEARCH_PATHS = (
					"$(inherited)",
					"@executable_path/Frameworks",
				);
				PRODUCT_BUNDLE_IDENTIFIER = com.example.apple.samplecode.LandMarks;
				PRODUCT_NAME = "$(TARGET_NAME)";
				SWIFT_VERSION = 5.0;
				TARGETED_DEVICE_FAMILY = "1,2";
			};
			name = Release;
		};
		1B6A0CBD25EF919D0054C63B /* Debug */ = {
			isa = XCBuildConfiguration;
			buildSettings = {
				ALWAYS_EMBED_SWIFT_STANDARD_LIBRARIES = YES;
				BUNDLE_LOADER = "$(TEST_HOST)";
				CODE_SIGN_STYLE = Automatic;
				INFOPLIST_FILE = LandMarksTests/Info.plist;
				IPHONEOS_DEPLOYMENT_TARGET = 14.0;
				LD_RUNPATH_SEARCH_PATHS = (
					"$(inherited)",
					"@executable_path/Frameworks",
					"@loader_path/Frameworks",
				);
				PRODUCT_BUNDLE_IDENTIFIER = com.example.apple.samplecode.LandMarksTests;
				PRODUCT_NAME = "$(TARGET_NAME)";
				SWIFT_VERSION = 5.0;
				TARGETED_DEVICE_FAMILY = "1,2";
				TEST_HOST = "$(BUILT_PRODUCTS_DIR)/LandMarks.app/LandMarks";
			};
			name = Debug;
		};
		1B6A0CBE25EF919D0054C63B /* Release */ = {
			isa = XCBuildConfiguration;
			buildSettings = {
				ALWAYS_EMBED_SWIFT_STANDARD_LIBRARIES = YES;
				BUNDLE_LOADER = "$(TEST_HOST)";
				CODE_SIGN_STYLE = Automatic;
				INFOPLIST_FILE = LandMarksTests/Info.plist;
				IPHONEOS_DEPLOYMENT_TARGET = 14.0;
				LD_RUNPATH_SEARCH_PATHS = (
					"$(inherited)",
					"@executable_path/Frameworks",
					"@loader_path/Frameworks",
				);
				PRODUCT_BUNDLE_IDENTIFIER = com.example.apple.samplecode.LandMarksTests;
				PRODUCT_NAME = "$(TARGET_NAME)";
				SWIFT_VERSION = 5.0;
				TARGETED_DEVICE_FAMILY = "1,2";
				TEST_HOST = "$(BUILT_PRODUCTS_DIR)/LandMarks.app/LandMarks";
			};
			name = Release;
		};
		1B6A0CC025EF919D0054C63B /* Debug */ = {
			isa = XCBuildConfiguration;
			buildSettings = {
				ALWAYS_EMBED_SWIFT_STANDARD_LIBRARIES = YES;
				CODE_SIGN_STYLE = Automatic;
				INFOPLIST_FILE = LandMarksUITests/Info.plist;
				LD_RUNPATH_SEARCH_PATHS = (
					"$(inherited)",
					"@executable_path/Frameworks",
					"@loader_path/Frameworks",
				);
				PRODUCT_BUNDLE_IDENTIFIER = com.example.apple.samplecode.LandMarksUITests;
				PRODUCT_NAME = "$(TARGET_NAME)";
				SWIFT_VERSION = 5.0;
				TARGETED_DEVICE_FAMILY = "1,2";
				TEST_TARGET_NAME = LandMarks;
			};
			name = Debug;
		};
		1B6A0CC125EF919D0054C63B /* Release */ = {
			isa = XCBuildConfiguration;
			buildSettings = {
				ALWAYS_EMBED_SWIFT_STANDARD_LIBRARIES = YES;
				CODE_SIGN_STYLE = Automatic;
				INFOPLIST_FILE = LandMarksUITests/Info.plist;
				LD_RUNPATH_SEARCH_PATHS = (
					"$(inherited)",
					"@executable_path/Frameworks",
					"@loader_path/Frameworks",
				);
				PRODUCT_BUNDLE_IDENTIFIER = com.example.apple.samplecode.LandMarksUITests;
				PRODUCT_NAME = "$(TARGET_NAME)";
				SWIFT_VERSION = 5.0;
				TARGETED_DEVICE_FAMILY = "1,2";
				TEST_TARGET_NAME = LandMarks;
			};
			name = Release;
		};
/* End XCBuildConfiguration section */

/* Begin XCConfigurationList section */
		1B6A0C8F25EF91990054C63B /* Build configuration list for PBXProject "LandMarks" */ = {
			isa = XCConfigurationList;
			buildConfigurations = (
				1B6A0CB725EF919D0054C63B /* Debug */,
				1B6A0CB825EF919D0054C63B /* Release */,
			);
			defaultConfigurationIsVisible = 0;
			defaultConfigurationName = Release;
		};
		1B6A0CB925EF919D0054C63B /* Build configuration list for PBXNativeTarget "LandMarks" */ = {
			isa = XCConfigurationList;
			buildConfigurations = (
				1B6A0CBA25EF919D0054C63B /* Debug */,
				1B6A0CBB25EF919D0054C63B /* Release */,
			);
			defaultConfigurationIsVisible = 0;
			defaultConfigurationName = Release;
		};
		1B6A0CBC25EF919D0054C63B /* Build configuration list for PBXNativeTarget "LandMarksTests" */ = {
			isa = XCConfigurationList;
			buildConfigurations = (
				1B6A0CBD25EF919D0054C63B /* Debug */,
				1B6A0CBE25EF919D0054C63B /* Release */,
			);
			defaultConfigurationIsVisible = 0;
			defaultConfigurationName = Release;
		};
		1B6A0CBF25EF919D0054C63B /* Build configuration list for PBXNativeTarget "LandMarksUITests" */ = {
			isa = XCConfigurationList;
			buildConfigurations = (
				1B6A0CC025EF919D0054C63B /* Debug */,
				1B6A0CC125EF919D0054C63B /* Release */,
			);
			defaultConfigurationIsVisible = 0;
			defaultConfigurationName = Release;
		};
/* End XCConfigurationList section */
	};
	rootObject = 1B6A0C8C25EF91990054C63B /* Project object */;
}
